
Microsoft Visual Studio Solution File, Format Version 12.00
# Visual Studio Version 17
VisualStudioVersion = 17.5.33424.131
MinimumVisualStudioVersion = 10.0.40219.1
Project("{FAE04EC0-301F-11D3-BF4B-00C04F79EFBC}") = "CitasPlus", "CitasPlus\CitasPlus.csproj", "{18F1A333-B907-401F-9CB3-5B3761D6D843}"
EndProject
Global
	GlobalSection(SolutionConfigurationPlatforms) = preSolution
		Debug|Any CPU = Debug|Any CPU
		Release|Any CPU = Release|Any CPU
	EndGlobalSection
	GlobalSection(ProjectConfigurationPlatforms) = postSolution
		{18F1A333-B907-401F-9CB3-5B3761D6D843}.Debug|Any CPU.ActiveCfg = Debug|Any CPU
		{18F1A333-B907-401F-9CB3-5B3761D6D843}.Debug|Any CPU.Build.0 = Debug|Any CPU
		{18F1A333-B907-401F-9CB3-5B3761D6D843}.Release|Any CPU.ActiveCfg = Release|Any CPU
		{18F1A333-B907-401F-9CB3-5B3761D6D843}.Release|Any CPU.Build.0 = Release|Any CPU
	EndGlobalSection
	GlobalSection(SolutionProperties) = preSolution
		HideSolutionNode = FALSE
	EndGlobalSection
	GlobalSection(ExtensibilityGlobals) = postSolution
		SolutionGuid = {21F231F2-EDFD-4B63-BF17-7B7C8BC9DA78}
	EndGlobalSection
EndGlobal
